
Microsoft Visual Studio Solution File, Format Version 12.00
# Visual Studio Version 16
VisualStudioVersion = 16.0.32106.194
MinimumVisualStudioVersion = 10.0.40219.1
Project("{FAE04EC0-301F-11D3-BF4B-00C04F79EFBC}") = "StayFit", "StayFit\StayFit.csproj", "{AD76B325-0EF6-4A2E-9EE0-122633729499}"
EndProject
Global
	GlobalSection(SolutionConfigurationPlatforms) = preSolution
		Debug|Any CPU = Debug|Any CPU
		Release|Any CPU = Release|Any CPU
	EndGlobalSection
	GlobalSection(ProjectConfigurationPlatforms) = postSolution
		{AD76B325-0EF6-4A2E-9EE0-122633729499}.Debug|Any CPU.ActiveCfg = Debug|Any CPU
		{AD76B325-0EF6-4A2E-9EE0-122633729499}.Debug|Any CPU.Build.0 = Debug|Any CPU
		{AD76B325-0EF6-4A2E-9EE0-122633729499}.Release|Any CPU.ActiveCfg = Release|Any CPU
		{AD76B325-0EF6-4A2E-9EE0-122633729499}.Release|Any CPU.Build.0 = Release|Any CPU
	EndGlobalSection
	GlobalSection(SolutionProperties) = preSolution
		HideSolutionNode = FALSE
	EndGlobalSection
	GlobalSection(ExtensibilityGlobals) = postSolution
		SolutionGuid = {B77E3514-8F8B-4709-BDD7-FE71ECD29841}
	EndGlobalSection
EndGlobal
